
Microsoft Visual Studio Solution File, Format Version 12.00
# Visual Studio Version 16
VisualStudioVersion = 16.0.30509.190
MinimumVisualStudioVersion = 10.0.40219.1
Project("{9A19103F-16F7-4668-BE54-9A1E7A4F7556}") = "Docker.Web", "src\Web\Docker.Web\Docker.Web.csproj", "{BDCA9B55-48DD-401C-A144-AEE4737ED9C6}"
EndProject
Project("{9A19103F-16F7-4668-BE54-9A1E7A4F7556}") = "Docker.Worker", "src\Worker\Docker.Worker\Docker.Worker.csproj", "{9725C119-E4D1-40D7-9985-5D15ADD89128}"
EndProject
Project("{9A19103F-16F7-4668-BE54-9A1E7A4F7556}") = "Docker.Data", "src\Shared\Docker.Data\Docker.Data.csproj", "{83CF8B49-4A31-4F6D-A814-41BC61DEA16D}"
EndProject
Project("{E53339B2-1760-4266-BCC7-CA923CBCF16C}") = "docker-compose", "docker\docker-compose.dcproj", "{64531FF4-AF21-4367-947A-8C2D0EE0F78A}"
EndProject
Project("{2150E333-8FDC-42A3-9474-1A3956D46DE8}") = "Solution Items", "Solution Items", "{47DF9A28-7D50-4330-880C-4F2FFDA74AE3}"
	ProjectSection(SolutionItems) = preProject
		.editorconfig = .editorconfig
		.gitignore = .gitignore
		.dockerignore = .dockerignore
		appsettings.Development.json = appsettings.Development.json
		appsettings.json = appsettings.json
	EndProjectSection
EndProject
Project("{9A19103F-16F7-4668-BE54-9A1E7A4F7556}") = "Docker.Core", "src\Shared\Docker.Core\Docker.Core.csproj", "{2B1337D9-C298-4A42-9E45-479B63BCCBF5}"
EndProject
Project("{9A19103F-16F7-4668-BE54-9A1E7A4F7556}") = "Docker.Scheduler", "src\Worker\Docker.Scheduler\Docker.Scheduler.csproj", "{F52EFD5B-7C3F-48FE-9069-13F5A686CA23}"
EndProject
Project("{9A19103F-16F7-4668-BE54-9A1E7A4F7556}") = "Docker.Api", "src\Web\Docker.Api\Docker.Api.csproj", "{E177E8FB-B668-48A3-8687-8A11A219AB32}"
EndProject
Project("{9A19103F-16F7-4668-BE54-9A1E7A4F7556}") = "Docker.OAuth", "src\Web\Docker.OAuth\Docker.OAuth.csproj", "{497F9BD4-844F-41C7-AC0D-76179ACF5EBA}"
EndProject
Project("{2150E333-8FDC-42A3-9474-1A3956D46DE8}") = "Web", "Web", "{DB16392B-1AAF-4D6C-9C1F-A641E8D8F348}"
EndProject
Project("{2150E333-8FDC-42A3-9474-1A3956D46DE8}") = "Shared", "Shared", "{675EFE5F-A1FD-4574-9B73-2CFE805CF922}"
EndProject
Project("{2150E333-8FDC-42A3-9474-1A3956D46DE8}") = "Worker", "Worker", "{F023470F-95A5-43A5-ACDA-CF58FB060992}"
EndProject
Global
	GlobalSection(SolutionConfigurationPlatforms) = preSolution
		Debug|Any CPU = Debug|Any CPU
		Release|Any CPU = Release|Any CPU
	EndGlobalSection
	GlobalSection(ProjectConfigurationPlatforms) = postSolution
		{BDCA9B55-48DD-401C-A144-AEE4737ED9C6}.Debug|Any CPU.ActiveCfg = Debug|Any CPU
		{BDCA9B55-48DD-401C-A144-AEE4737ED9C6}.Debug|Any CPU.Build.0 = Debug|Any CPU
		{BDCA9B55-48DD-401C-A144-AEE4737ED9C6}.Release|Any CPU.ActiveCfg = Release|Any CPU
		{BDCA9B55-48DD-401C-A144-AEE4737ED9C6}.Release|Any CPU.Build.0 = Release|Any CPU
		{9725C119-E4D1-40D7-9985-5D15ADD89128}.Debug|Any CPU.ActiveCfg = Debug|Any CPU
		{9725C119-E4D1-40D7-9985-5D15ADD89128}.Debug|Any CPU.Build.0 = Debug|Any CPU
		{9725C119-E4D1-40D7-9985-5D15ADD89128}.Release|Any CPU.ActiveCfg = Release|Any CPU
		{9725C119-E4D1-40D7-9985-5D15ADD89128}.Release|Any CPU.Build.0 = Release|Any CPU
		{83CF8B49-4A31-4F6D-A814-41BC61DEA16D}.Debug|Any CPU.ActiveCfg = Debug|Any CPU
		{83CF8B49-4A31-4F6D-A814-41BC61DEA16D}.Debug|Any CPU.Build.0 = Debug|Any CPU
		{83CF8B49-4A31-4F6D-A814-41BC61DEA16D}.Release|Any CPU.ActiveCfg = Release|Any CPU
		{83CF8B49-4A31-4F6D-A814-41BC61DEA16D}.Release|Any CPU.Build.0 = Release|Any CPU
		{64531FF4-AF21-4367-947A-8C2D0EE0F78A}.Debug|Any CPU.ActiveCfg = Debug|Any CPU
		{64531FF4-AF21-4367-947A-8C2D0EE0F78A}.Debug|Any CPU.Build.0 = Debug|Any CPU
		{64531FF4-AF21-4367-947A-8C2D0EE0F78A}.Release|Any CPU.ActiveCfg = Release|Any CPU
		{64531FF4-AF21-4367-947A-8C2D0EE0F78A}.Release|Any CPU.Build.0 = Release|Any CPU
		{2B1337D9-C298-4A42-9E45-479B63BCCBF5}.Debug|Any CPU.ActiveCfg = Debug|Any CPU
		{2B1337D9-C298-4A42-9E45-479B63BCCBF5}.Debug|Any CPU.Build.0 = Debug|Any CPU
		{2B1337D9-C298-4A42-9E45-479B63BCCBF5}.Release|Any CPU.ActiveCfg = Release|Any CPU
		{2B1337D9-C298-4A42-9E45-479B63BCCBF5}.Release|Any CPU.Build.0 = Release|Any CPU
		{F52EFD5B-7C3F-48FE-9069-13F5A686CA23}.Debug|Any CPU.ActiveCfg = Debug|Any CPU
		{F52EFD5B-7C3F-48FE-9069-13F5A686CA23}.Debug|Any CPU.Build.0 = Debug|Any CPU
		{F52EFD5B-7C3F-48FE-9069-13F5A686CA23}.Release|Any CPU.ActiveCfg = Release|Any CPU
		{F52EFD5B-7C3F-48FE-9069-13F5A686CA23}.Release|Any CPU.Build.0 = Release|Any CPU
		{E177E8FB-B668-48A3-8687-8A11A219AB32}.Debug|Any CPU.ActiveCfg = Debug|Any CPU
		{E177E8FB-B668-48A3-8687-8A11A219AB32}.Debug|Any CPU.Build.0 = Debug|Any CPU
		{E177E8FB-B668-48A3-8687-8A11A219AB32}.Release|Any CPU.ActiveCfg = Release|Any CPU
		{E177E8FB-B668-48A3-8687-8A11A219AB32}.Release|Any CPU.Build.0 = Release|Any CPU
		{497F9BD4-844F-41C7-AC0D-76179ACF5EBA}.Debug|Any CPU.ActiveCfg = Debug|Any CPU
		{497F9BD4-844F-41C7-AC0D-76179ACF5EBA}.Debug|Any CPU.Build.0 = Debug|Any CPU
		{497F9BD4-844F-41C7-AC0D-76179ACF5EBA}.Release|Any CPU.ActiveCfg = Release|Any CPU
		{497F9BD4-844F-41C7-AC0D-76179ACF5EBA}.Release|Any CPU.Build.0 = Release|Any CPU
	EndGlobalSection
	GlobalSection(SolutionProperties) = preSolution
		HideSolutionNode = FALSE
	EndGlobalSection
	GlobalSection(NestedProjects) = preSolution
		{BDCA9B55-48DD-401C-A144-AEE4737ED9C6} = {DB16392B-1AAF-4D6C-9C1F-A641E8D8F348}
		{9725C119-E4D1-40D7-9985-5D15ADD89128} = {F023470F-95A5-43A5-ACDA-CF58FB060992}
		{83CF8B49-4A31-4F6D-A814-41BC61DEA16D} = {675EFE5F-A1FD-4574-9B73-2CFE805CF922}
		{2B1337D9-C298-4A42-9E45-479B63BCCBF5} = {675EFE5F-A1FD-4574-9B73-2CFE805CF922}
		{F52EFD5B-7C3F-48FE-9069-13F5A686CA23} = {F023470F-95A5-43A5-ACDA-CF58FB060992}
		{E177E8FB-B668-48A3-8687-8A11A219AB32} = {DB16392B-1AAF-4D6C-9C1F-A641E8D8F348}
		{497F9BD4-844F-41C7-AC0D-76179ACF5EBA} = {DB16392B-1AAF-4D6C-9C1F-A641E8D8F348}
	EndGlobalSection
	GlobalSection(ExtensibilityGlobals) = postSolution
		SolutionGuid = {23C4BD47-E2F8-4CC1-AA0C-E96154566D00}
	EndGlobalSection
EndGlobal
